
Microsoft Visual Studio Solution File, Format Version 12.00
# Visual Studio Version 16
VisualStudioVersion = 16.0.30523.141
MinimumVisualStudioVersion = 10.0.40219.1
Project("{9A19103F-16F7-4668-BE54-9A1E7A4F7556}") = "Hamming", "Hamming.csproj", "{6ABE7306-0F1F-4E3C-8B5F-3D9507E592ED}"
EndProject
Global
	GlobalSection(SolutionConfigurationPlatforms) = preSolution
		Debug|Any CPU = Debug|Any CPU
		Release|Any CPU = Release|Any CPU
	EndGlobalSection
	GlobalSection(ProjectConfigurationPlatforms) = postSolution
		{6ABE7306-0F1F-4E3C-8B5F-3D9507E592ED}.Debug|Any CPU.ActiveCfg = Debug|Any CPU
		{6ABE7306-0F1F-4E3C-8B5F-3D9507E592ED}.Debug|Any CPU.Build.0 = Debug|Any CPU
		{6ABE7306-0F1F-4E3C-8B5F-3D9507E592ED}.Release|Any CPU.ActiveCfg = Release|Any CPU
		{6ABE7306-0F1F-4E3C-8B5F-3D9507E592ED}.Release|Any CPU.Build.0 = Release|Any CPU
	EndGlobalSection
	GlobalSection(SolutionProperties) = preSolution
		HideSolutionNode = FALSE
	EndGlobalSection
	GlobalSection(ExtensibilityGlobals) = postSolution
		SolutionGuid = {7F3073FE-6A66-4B02-B5BD-3402B197647E}
	EndGlobalSection
EndGlobal
