
Microsoft Visual Studio Solution File, Format Version 12.00
# Visual Studio Version 16
VisualStudioVersion = 16.0.30523.141
MinimumVisualStudioVersion = 10.0.40219.1
Project("{9A19103F-16F7-4668-BE54-9A1E7A4F7556}") = "CollatzConjecture", "CollatzConjecture.csproj", "{A0D7583E-34FB-43A8-A617-C41858664DB4}"
EndProject
Global
	GlobalSection(SolutionConfigurationPlatforms) = preSolution
		Debug|Any CPU = Debug|Any CPU
		Release|Any CPU = Release|Any CPU
	EndGlobalSection
	GlobalSection(ProjectConfigurationPlatforms) = postSolution
		{A0D7583E-34FB-43A8-A617-C41858664DB4}.Debug|Any CPU.ActiveCfg = Debug|Any CPU
		{A0D7583E-34FB-43A8-A617-C41858664DB4}.Debug|Any CPU.Build.0 = Debug|Any CPU
		{A0D7583E-34FB-43A8-A617-C41858664DB4}.Release|Any CPU.ActiveCfg = Release|Any CPU
		{A0D7583E-34FB-43A8-A617-C41858664DB4}.Release|Any CPU.Build.0 = Release|Any CPU
	EndGlobalSection
	GlobalSection(SolutionProperties) = preSolution
		HideSolutionNode = FALSE
	EndGlobalSection
	GlobalSection(ExtensibilityGlobals) = postSolution
		SolutionGuid = {A64A6F3B-1096-41E1-B432-F7A63F2A4C3B}
	EndGlobalSection
EndGlobal
